{
  "object": {
    "pins": [
      {
        "package": "Socket",
        "repositoryURL": "https://github.com/IBM-Swift/BlueSocket.git",
        "state": {
          "branch": null,
          "revision": "ccc671b022bc60e5fffcb2aa15f499c6331bfd18",
          "version": "1.0.46"
        }
      },
      {
        "package": "SSLService",
        "repositoryURL": "https://github.com/IBM-Swift/BlueSSLService.git",
        "state": {
          "branch": null,
          "revision": "0127cd4156bb0ba702894f2509199e4b65ca1db5",
          "version": "1.0.46"
        }
      },
      {
        "package": "Kitura-CouchDB",
        "repositoryURL": "https://github.com/IBM-Swift/Kitura-CouchDB.git",
        "state": {
          "branch": null,
          "revision": "cf052fd0ef7b1820526a291e8f2fc6757f87335b",
          "version": "3.1.1"
        }
      },
      {
        "package": "Kitura-net",
        "repositoryURL": "https://github.com/IBM-Swift/Kitura-net.git",
        "state": {
          "branch": null,
          "revision": "5fc06b21e8e615147fa8341c249ae010a1b41fba",
          "version": "2.3.0"
        }
      },
      {
        "package": "LoggerAPI",
        "repositoryURL": "https://github.com/IBM-Swift/LoggerAPI.git",
        "state": {
          "branch": null,
          "revision": "3357dd9526cdf9436fa63bb792b669e6efdc43da",
          "version": "1.9.0"
        }
      },
      {
        "package": "swift-log",
        "repositoryURL": "https://github.com/apple/swift-log.git",
        "state": {
          "branch": null,
          "revision": "eba9b323b5ba542c119ff17382a4ce737bcdc0b8",
          "version": "0.0.0"
        }
      }
    ]
  },
  "version": 1
}
